
Microsoft Visual Studio Solution File, Format Version 12.00
# Visual Studio Version 17
VisualStudioVersion = 17.4.32804.182
MinimumVisualStudioVersion = 10.0.40219.1
Project("{9A19103F-16F7-4668-BE54-9A1E7A4F7556}") = "ConverterApi", "src\ConverterApi\ConverterApi.csproj", "{EEAE8A78-78B5-4729-B5F8-3EF48E526314}"
EndProject
Project("{2150E333-8FDC-42A3-9474-1A3956D46DE8}") = "src", "src", "{6A5B284B-B77B-4597-A8A4-093CA50E921C}"
EndProject
Project("{9A19103F-16F7-4668-BE54-9A1E7A4F7556}") = "Infrastructure", "src\Infrastructure\Infrastructure.csproj", "{D00DBFDB-7CF1-4D27-A3D0-A3D4B1B34DD3}"
EndProject
Project("{E53339B2-1760-4266-BCC7-CA923CBCF16C}") = "docker-compose", "docker-compose.dcproj", "{F3145B34-96C4-4DCA-A77E-C2C59E31FB41}"
EndProject
Project("{9A19103F-16F7-4668-BE54-9A1E7A4F7556}") = "Application", "src\Application\Application.csproj", "{C4EAC6D5-FFFB-457A-8CFB-661F93962588}"
EndProject
Global
	GlobalSection(SolutionConfigurationPlatforms) = preSolution
		Debug|Any CPU = Debug|Any CPU
		Release|Any CPU = Release|Any CPU
	EndGlobalSection
	GlobalSection(ProjectConfigurationPlatforms) = postSolution
		{EEAE8A78-78B5-4729-B5F8-3EF48E526314}.Debug|Any CPU.ActiveCfg = Debug|Any CPU
		{EEAE8A78-78B5-4729-B5F8-3EF48E526314}.Debug|Any CPU.Build.0 = Debug|Any CPU
		{EEAE8A78-78B5-4729-B5F8-3EF48E526314}.Release|Any CPU.ActiveCfg = Release|Any CPU
		{EEAE8A78-78B5-4729-B5F8-3EF48E526314}.Release|Any CPU.Build.0 = Release|Any CPU
		{D00DBFDB-7CF1-4D27-A3D0-A3D4B1B34DD3}.Debug|Any CPU.ActiveCfg = Debug|Any CPU
		{D00DBFDB-7CF1-4D27-A3D0-A3D4B1B34DD3}.Debug|Any CPU.Build.0 = Debug|Any CPU
		{D00DBFDB-7CF1-4D27-A3D0-A3D4B1B34DD3}.Release|Any CPU.ActiveCfg = Release|Any CPU
		{D00DBFDB-7CF1-4D27-A3D0-A3D4B1B34DD3}.Release|Any CPU.Build.0 = Release|Any CPU
		{F3145B34-96C4-4DCA-A77E-C2C59E31FB41}.Debug|Any CPU.ActiveCfg = Debug|Any CPU
		{F3145B34-96C4-4DCA-A77E-C2C59E31FB41}.Debug|Any CPU.Build.0 = Debug|Any CPU
		{F3145B34-96C4-4DCA-A77E-C2C59E31FB41}.Release|Any CPU.ActiveCfg = Release|Any CPU
		{F3145B34-96C4-4DCA-A77E-C2C59E31FB41}.Release|Any CPU.Build.0 = Release|Any CPU
		{C4EAC6D5-FFFB-457A-8CFB-661F93962588}.Debug|Any CPU.ActiveCfg = Debug|Any CPU
		{C4EAC6D5-FFFB-457A-8CFB-661F93962588}.Debug|Any CPU.Build.0 = Debug|Any CPU
		{C4EAC6D5-FFFB-457A-8CFB-661F93962588}.Release|Any CPU.ActiveCfg = Release|Any CPU
		{C4EAC6D5-FFFB-457A-8CFB-661F93962588}.Release|Any CPU.Build.0 = Release|Any CPU
	EndGlobalSection
	GlobalSection(SolutionProperties) = preSolution
		HideSolutionNode = FALSE
	EndGlobalSection
	GlobalSection(NestedProjects) = preSolution
		{EEAE8A78-78B5-4729-B5F8-3EF48E526314} = {6A5B284B-B77B-4597-A8A4-093CA50E921C}
		{D00DBFDB-7CF1-4D27-A3D0-A3D4B1B34DD3} = {6A5B284B-B77B-4597-A8A4-093CA50E921C}
		{C4EAC6D5-FFFB-457A-8CFB-661F93962588} = {6A5B284B-B77B-4597-A8A4-093CA50E921C}
	EndGlobalSection
	GlobalSection(ExtensibilityGlobals) = postSolution
		SolutionGuid = {586FFCD6-BD2D-4919-A691-80639CF3DE93}
	EndGlobalSection
EndGlobal
